// !$*UTF8*$!
{
	archiveVersion = 1;
	classes = {
	};
	objectVersion = 50;
	objects = {

/* Begin PBXBuildFile section */
		8437E349221B4CB6009F9D10 /* AppDelegate.swift in Sources */ = {isa = PBXBuildFile; fileRef = 8437E348221B4CB6009F9D10 /* AppDelegate.swift */; };
		8437E34B221B4CB6009F9D10 /* ToDoListViewController.swift in Sources */ = {isa = PBXBuildFile; fileRef = 8437E34A221B4CB6009F9D10 /* ToDoListViewController.swift */; };
		8437E34E221B4CB6009F9D10 /* Main.storyboard in Resources */ = {isa = PBXBuildFile; fileRef = 8437E34C221B4CB6009F9D10 /* Main.storyboard */; };
		8437E350221B4CB7009F9D10 /* Assets.xcassets in Resources */ = {isa = PBXBuildFile; fileRef = 8437E34F221B4CB7009F9D10 /* Assets.xcassets */; };
		8437E353221B4CB7009F9D10 /* LaunchScreen.storyboard in Resources */ = {isa = PBXBuildFile; fileRef = 8437E351221B4CB7009F9D10 /* LaunchScreen.storyboard */; };
		848F11D822213DE60071329B /* CategoryViewControleer.swift in Sources */ = {isa = PBXBuildFile; fileRef = 848F11D722213DE60071329B /* CategoryViewControleer.swift */; };
		848F11DC22218DDD0071329B /* Item.swift in Sources */ = {isa = PBXBuildFile; fileRef = 848F11DB22218DDD0071329B /* Item.swift */; };
		848F11DE22218DFE0071329B /* Category.swift in Sources */ = {isa = PBXBuildFile; fileRef = 848F11DD22218DFE0071329B /* Category.swift */; };
		848F11E0222298940071329B /* SwipeTableViewController.swift in Sources */ = {isa = PBXBuildFile; fileRef = 848F11DF222298940071329B /* SwipeTableViewController.swift */; };
		AF9A6BA748396F6C5C909423 /* Pods_Todoey.framework in Frameworks */ = {isa = PBXBuildFile; fileRef = D22925A9C95F49B274F3CA96 /* Pods_Todoey.framework */; };
/* End PBXBuildFile section */

/* Begin PBXFileReference section */
		8437E345221B4CB6009F9D10 /* Todoey.app */ = {isa = PBXFileReference; explicitFileType = wrapper.application; includeInIndex = 0; path = Todoey.app; sourceTree = BUILT_PRODUCTS_DIR; };
		8437E348221B4CB6009F9D10 /* AppDelegate.swift */ = {isa = PBXFileReference; lastKnownFileType = sourcecode.swift; path = AppDelegate.swift; sourceTree = "<group>"; };
		8437E34A221B4CB6009F9D10 /* ToDoListViewController.swift */ = {isa = PBXFileReference; lastKnownFileType = sourcecode.swift; path = ToDoListViewController.swift; sourceTree = "<group>"; };
		8437E34D221B4CB6009F9D10 /* Base */ = {isa = PBXFileReference; lastKnownFileType = file.storyboard; name = Base; path = Base.lproj/Main.storyboard; sourceTree = "<group>"; };
		8437E34F221B4CB7009F9D10 /* Assets.xcassets */ = {isa = PBXFileReference; lastKnownFileType = folder.assetcatalog; path = Assets.xcassets; sourceTree = "<group>"; };
		8437E352221B4CB7009F9D10 /* Base */ = {isa = PBXFileReference; lastKnownFileType = file.storyboard; name = Base; path = Base.lproj/LaunchScreen.storyboard; sourceTree = "<group>"; };
		8437E354221B4CB7009F9D10 /* Info.plist */ = {isa = PBXFileReference; lastKnownFileType = text.plist.xml; path = Info.plist; sourceTree = "<group>"; };
		848F11D722213DE60071329B /* CategoryViewControleer.swift */ = {isa = PBXFileReference; lastKnownFileType = sourcecode.swift; path = CategoryViewControleer.swift; sourceTree = "<group>"; };
		848F11DB22218DDD0071329B /* Item.swift */ = {isa = PBXFileReference; lastKnownFileType = sourcecode.swift; path = Item.swift; sourceTree = "<group>"; };
		848F11DD22218DFE0071329B /* Category.swift */ = {isa = PBXFileReference; lastKnownFileType = sourcecode.swift; path = Category.swift; sourceTree = "<group>"; };
		848F11DF222298940071329B /* SwipeTableViewController.swift */ = {isa = PBXFileReference; lastKnownFileType = sourcecode.swift; path = SwipeTableViewController.swift; sourceTree = "<group>"; };
		997AB7AB45C90BEF839ACBF8 /* Pods-Todoey.debug.xcconfig */ = {isa = PBXFileReference; includeInIndex = 1; lastKnownFileType = text.xcconfig; name = "Pods-Todoey.debug.xcconfig"; path = "Target Support Files/Pods-Todoey/Pods-Todoey.debug.xcconfig"; sourceTree = "<group>"; };
		B982A2749409D0B9CEF04DD1 /* Pods-Todoey.release.xcconfig */ = {isa = PBXFileReference; includeInIndex = 1; lastKnownFileType = text.xcconfig; name = "Pods-Todoey.release.xcconfig"; path = "Target Support Files/Pods-Todoey/Pods-Todoey.release.xcconfig"; sourceTree = "<group>"; };
		D22925A9C95F49B274F3CA96 /* Pods_Todoey.framework */ = {isa = PBXFileReference; explicitFileType = wrapper.framework; includeInIndex = 0; path = Pods_Todoey.framework; sourceTree = BUILT_PRODUCTS_DIR; };
/* End PBXFileReference section */

/* Begin PBXFrameworksBuildPhase section */
		8437E342221B4CB6009F9D10 /* Frameworks */ = {
			isa = PBXFrameworksBuildPhase;
			buildActionMask = 2147483647;
			files = (
				AF9A6BA748396F6C5C909423 /* Pods_Todoey.framework in Frameworks */,
			);
			runOnlyForDeploymentPostprocessing = 0;
		};
/* End PBXFrameworksBuildPhase section */

/* Begin PBXGroup section */
		0BA6F81B69BB67838F067D8E /* Pods */ = {
			isa = PBXGroup;
			children = (
				997AB7AB45C90BEF839ACBF8 /* Pods-Todoey.debug.xcconfig */,
				B982A2749409D0B9CEF04DD1 /* Pods-Todoey.release.xcconfig */,
			);
			path = Pods;
			sourceTree = "<group>";
		};
		5E96D03B92DF21A5D2A12783 /* Frameworks */ = {
			isa = PBXGroup;
			children = (
				D22925A9C95F49B274F3CA96 /* Pods_Todoey.framework */,
			);
			name = Frameworks;
			sourceTree = "<group>";
		};
		8437E33C221B4CB6009F9D10 = {
			isa = PBXGroup;
			children = (
				8437E347221B4CB6009F9D10 /* Todoey */,
				8437E346221B4CB6009F9D10 /* Products */,
				0BA6F81B69BB67838F067D8E /* Pods */,
				5E96D03B92DF21A5D2A12783 /* Frameworks */,
			);
			sourceTree = "<group>";
		};
		8437E346221B4CB6009F9D10 /* Products */ = {
			isa = PBXGroup;
			children = (
				8437E345221B4CB6009F9D10 /* Todoey.app */,
			);
			name = Products;
			sourceTree = "<group>";
		};
		8437E347221B4CB6009F9D10 /* Todoey */ = {
			isa = PBXGroup;
			children = (
				8437E348221B4CB6009F9D10 /* AppDelegate.swift */,
				848F11B0221DDAF00071329B /* Controllers */,
				848F11AF221DDAB50071329B /* Data Model */,
				848F11B1221DDB130071329B /* Views */,
				848F11B2221DDB3F0071329B /* Supporting files */,
				8437E354221B4CB7009F9D10 /* Info.plist */,
			);
			path = Todoey;
			sourceTree = "<group>";
		};
		848F11AF221DDAB50071329B /* Data Model */ = {
			isa = PBXGroup;
			children = (
				848F11DB22218DDD0071329B /* Item.swift */,
				848F11DD22218DFE0071329B /* Category.swift */,
			);
			path = "Data Model";
			sourceTree = "<group>";
		};
		848F11B0221DDAF00071329B /* Controllers */ = {
			isa = PBXGroup;
			children = (
				848F11D722213DE60071329B /* CategoryViewControleer.swift */,
				8437E34A221B4CB6009F9D10 /* ToDoListViewController.swift */,
				848F11DF222298940071329B /* SwipeTableViewController.swift */,
			);
			path = Controllers;
			sourceTree = "<group>";
		};
		848F11B1221DDB130071329B /* Views */ = {
			isa = PBXGroup;
			children = (
				8437E34C221B4CB6009F9D10 /* Main.storyboard */,
			);
			path = Views;
			sourceTree = "<group>";
		};
		848F11B2221DDB3F0071329B /* Supporting files */ = {
			isa = PBXGroup;
			children = (
				8437E34F221B4CB7009F9D10 /* Assets.xcassets */,
				8437E351221B4CB7009F9D10 /* LaunchScreen.storyboard */,
			);
			path = "Supporting files";
			sourceTree = "<group>";
		};
/* End PBXGroup section */

/* Begin PBXNativeTarget section */
		8437E344221B4CB6009F9D10 /* Todoey */ = {
			isa = PBXNativeTarget;
			buildConfigurationList = 8437E357221B4CB7009F9D10 /* Build configuration list for PBXNativeTarget "Todoey" */;
			buildPhases = (
				DF6C6227058CD96DAFBF2B93 /* [CP] Check Pods Manifest.lock */,
				8437E341221B4CB6009F9D10 /* Sources */,
				8437E342221B4CB6009F9D10 /* Frameworks */,
				8437E343221B4CB6009F9D10 /* Resources */,
				16029F5E5E489CA4B41BC0B0 /* [CP] Embed Pods Frameworks */,
			);
			buildRules = (
			);
			dependencies = (
			);
			name = Todoey;
			productName = Todoey;
			productReference = 8437E345221B4CB6009F9D10 /* Todoey.app */;
			productType = "com.apple.product-type.application";
		};
/* End PBXNativeTarget section */

/* Begin PBXProject section */
		8437E33D221B4CB6009F9D10 /* Project object */ = {
			isa = PBXProject;
			attributes = {
				LastSwiftUpdateCheck = 1010;
				LastUpgradeCheck = 1010;
				ORGANIZATIONNAME = DoubleThunder;
				TargetAttributes = {
					8437E344221B4CB6009F9D10 = {
						CreatedOnToolsVersion = 10.1;
					};
				};
			};
			buildConfigurationList = 8437E340221B4CB6009F9D10 /* Build configuration list for PBXProject "Todoey" */;
			compatibilityVersion = "Xcode 9.3";
			developmentRegion = en;
			hasScannedForEncodings = 0;
			knownRegions = (
				en,
				Base,
			);
			mainGroup = 8437E33C221B4CB6009F9D10;
			productRefGroup = 8437E346221B4CB6009F9D10 /* Products */;
			projectDirPath = "";
			projectRoot = "";
			targets = (
				8437E344221B4CB6009F9D10 /* Todoey */,
			);
		};
/* End PBXProject section */

/* Begin PBXResourcesBuildPhase section */
		8437E343221B4CB6009F9D10 /* Resources */ = {
			isa = PBXResourcesBuildPhase;
			buildActionMask = 2147483647;
			files = (
				8437E353221B4CB7009F9D10 /* LaunchScreen.storyboard in Resources */,
				8437E350221B4CB7009F9D10 /* Assets.xcassets in Resources */,
				8437E34E221B4CB6009F9D10 /* Main.storyboard in Resources */,
			);
			runOnlyForDeploymentPostprocessing = 0;
		};
/* End PBXResourcesBuildPhase section */

/* Begin PBXShellScriptBuildPhase section */
		16029F5E5E489CA4B41BC0B0 /* [CP] Embed Pods Frameworks */ = {
			isa = PBXShellScriptBuildPhase;
			buildActionMask = 2147483647;
			files = (
			);
			inputFileListPaths = (
			);
			inputPaths = (
				"${PODS_ROOT}/Target Support Files/Pods-Todoey/Pods-Todoey-frameworks.sh",
				"${BUILT_PRODUCTS_DIR}/Realm/Realm.framework",
				"${BUILT_PRODUCTS_DIR}/RealmSwift/RealmSwift.framework",
				"${BUILT_PRODUCTS_DIR}/SwipeCellKit/SwipeCellKit.framework",
			);
			name = "[CP] Embed Pods Frameworks";
			outputFileListPaths = (
			);
			outputPaths = (
				"${TARGET_BUILD_DIR}/${FRAMEWORKS_FOLDER_PATH}/Realm.framework",
				"${TARGET_BUILD_DIR}/${FRAMEWORKS_FOLDER_PATH}/RealmSwift.framework",
				"${TARGET_BUILD_DIR}/${FRAMEWORKS_FOLDER_PATH}/SwipeCellKit.framework",
			);
			runOnlyForDeploymentPostprocessing = 0;
			shellPath = /bin/sh;
			shellScript = "\"${PODS_ROOT}/Target Support Files/Pods-Todoey/Pods-Todoey-frameworks.sh\"\n";
			showEnvVarsInLog = 0;
		};
		DF6C6227058CD96DAFBF2B93 /* [CP] Check Pods Manifest.lock */ = {
			isa = PBXShellScriptBuildPhase;
			buildActionMask = 2147483647;
			files = (
			);
			inputFileListPaths = (
			);
			inputPaths = (
				"${PODS_PODFILE_DIR_PATH}/Podfile.lock",
				"${PODS_ROOT}/Manifest.lock",
			);
			name = "[CP] Check Pods Manifest.lock";
			outputFileListPaths = (
			);
			outputPaths = (
				"$(DERIVED_FILE_DIR)/Pods-Todoey-checkManifestLockResult.txt",
			);
			runOnlyForDeploymentPostprocessing = 0;
			shellPath = /bin/sh;
			shellScript = "diff \"${PODS_PODFILE_DIR_PATH}/Podfile.lock\" \"${PODS_ROOT}/Manifest.lock\" > /dev/null\nif [ $? != 0 ] ; then\n    # print error to STDERR\n    echo \"error: The sandbox is not in sync with the Podfile.lock. Run 'pod install' or update your CocoaPods installation.\" >&2\n    exit 1\nfi\n# This output is used by Xcode 'outputs' to avoid re-running this script phase.\necho \"SUCCESS\" > \"${SCRIPT_OUTPUT_FILE_0}\"\n";
			showEnvVarsInLog = 0;
		};
/* End PBXShellScriptBuildPhase section */

/* Begin PBXSourcesBuildPhase section */
		8437E341221B4CB6009F9D10 /* Sources */ = {
			isa = PBXSourcesBuildPhase;
			buildActionMask = 2147483647;
			files = (
				848F11DC22218DDD0071329B /* Item.swift in Sources */,
				8437E34B221B4CB6009F9D10 /* ToDoListViewController.swift in Sources */,
				848F11D822213DE60071329B /* CategoryViewControleer.swift in Sources */,
				8437E349221B4CB6009F9D10 /* AppDelegate.swift in Sources */,
				848F11E0222298940071329B /* SwipeTableViewController.swift in Sources */,
				848F11DE22218DFE0071329B /* Category.swift in Sources */,
			);
			runOnlyForDeploymentPostprocessing = 0;
		};
/* End PBXSourcesBuildPhase section */

/* Begin PBXVariantGroup section */
		8437E34C221B4CB6009F9D10 /* Main.storyboard */ = {
			isa = PBXVariantGroup;
			children = (
				8437E34D221B4CB6009F9D10 /* Base */,
			);
			name = Main.storyboard;
			sourceTree = "<group>";
		};
		8437E351221B4CB7009F9D10 /* LaunchScreen.storyboard */ = {
			isa = PBXVariantGroup;
			children = (
				8437E352221B4CB7009F9D10 /* Base */,
			);
			name = LaunchScreen.storyboard;
			sourceTree = "<group>";
		};
/* End PBXVariantGroup section */

/* Begin XCBuildConfiguration section */
		8437E355221B4CB7009F9D10 /* Debug */ = {
			isa = XCBuildConfiguration;
			buildSettings = {
				ALWAYS_SEARCH_USER_PATHS = NO;
				CLANG_ANALYZER_NONNULL = YES;
				CLANG_ANALYZER_NUMBER_OBJECT_CONVERSION = YES_AGGRESSIVE;
				CLANG_CXX_LANGUAGE_STANDARD = "gnu++14";
				CLANG_CXX_LIBRARY = "libc++";
				CLANG_ENABLE_MODULES = YES;
				CLANG_ENABLE_OBJC_ARC = YES;
				CLANG_ENABLE_OBJC_WEAK = YES;
				CLANG_WARN_BLOCK_CAPTURE_AUTORELEASING = YES;
				CLANG_WARN_BOOL_CONVERSION = YES;
				CLANG_WARN_COMMA = YES;
				CLANG_WARN_CONSTANT_CONVERSION = YES;
				CLANG_WARN_DEPRECATED_OBJC_IMPLEMENTATIONS = YES;
				CLANG_WARN_DIRECT_OBJC_ISA_USAGE = YES_ERROR;
				CLANG_WARN_DOCUMENTATION_COMMENTS = YES;
				CLANG_WARN_EMPTY_BODY = YES;
				CLANG_WARN_ENUM_CONVERSION = YES;
				CLANG_WARN_INFINITE_RECURSION = YES;
				CLANG_WARN_INT_CONVERSION = YES;
				CLANG_WARN_NON_LITERAL_NULL_CONVERSION = YES;
				CLANG_WARN_OBJC_IMPLICIT_RETAIN_SELF = YES;
				CLANG_WARN_OBJC_LITERAL_CONVERSION = YES;
				CLANG_WARN_OBJC_ROOT_CLASS = YES_ERROR;
				CLANG_WARN_RANGE_LOOP_ANALYSIS = YES;
				CLANG_WARN_STRICT_PROTOTYPES = YES;
				CLANG_WARN_SUSPICIOUS_MOVE = YES;
				CLANG_WARN_UNGUARDED_AVAILABILITY = YES_AGGRESSIVE;
				CLANG_WARN_UNREACHABLE_CODE = YES;
				CLANG_WARN__DUPLICATE_METHOD_MATCH = YES;
				CODE_SIGN_IDENTITY = "iPhone Developer";
				COPY_PHASE_STRIP = NO;
				DEBUG_INFORMATION_FORMAT = dwarf;
				ENABLE_STRICT_OBJC_MSGSEND = YES;
				ENABLE_TESTABILITY = YES;
				GCC_C_LANGUAGE_STANDARD = gnu11;
				GCC_DYNAMIC_NO_PIC = NO;
				GCC_NO_COMMON_BLOCKS = YES;
				GCC_OPTIMIZATION_LEVEL = 0;
				GCC_PREPROCESSOR_DEFINITIONS = (
					"DEBUG=1",
					"$(inherited)",
				);
				GCC_WARN_64_TO_32_BIT_CONVERSION = YES;
				GCC_WARN_ABOUT_RETURN_TYPE = YES_ERROR;
				GCC_WARN_UNDECLARED_SELECTOR = YES;
				GCC_WARN_UNINITIALIZED_AUTOS = YES_AGGRESSIVE;
				GCC_WARN_UNUSED_FUNCTION = YES;
				GCC_WARN_UNUSED_VARIABLE = YES;
				IPHONEOS_DEPLOYMENT_TARGET = 12.1;
				MTL_ENABLE_DEBUG_INFO = INCLUDE_SOURCE;
				MTL_FAST_MATH = YES;
				ONLY_ACTIVE_ARCH = YES;
				SDKROOT = iphoneos;
				SWIFT_ACTIVE_COMPILATION_CONDITIONS = DEBUG;
				SWIFT_OPTIMIZATION_LEVEL = "-Onone";
			};
			name = Debug;
		};
		8437E356221B4CB7009F9D10 /* Release */ = {
			isa = XCBuildConfiguration;
			buildSettings = {
				ALWAYS_SEARCH_USER_PATHS = NO;
				CLANG_ANALYZER_NONNULL = YES;
				CLANG_ANALYZER_NUMBER_OBJECT_CONVERSION = YES_AGGRESSIVE;
				CLANG_CXX_LANGUAGE_STANDARD = "gnu++14";
				CLANG_CXX_LIBRARY = "libc++";
				CLANG_ENABLE_MODULES = YES;
				CLANG_ENABLE_OBJC_ARC = YES;
				CLANG_ENABLE_OBJC_WEAK = YES;
				CLANG_WARN_BLOCK_CAPTURE_AUTORELEASING = YES;
				CLANG_WARN_BOOL_CONVERSION = YES;
				CLANG_WARN_COMMA = YES;
				CLANG_WARN_CONSTANT_CONVERSION = YES;
				CLANG_WARN_DEPRECATED_OBJC_IMPLEMENTATIONS = YES;
				CLANG_WARN_DIRECT_OBJC_ISA_USAGE = YES_ERROR;
				CLANG_WARN_DOCUMENTATION_COMMENTS = YES;
				CLANG_WARN_EMPTY_BODY = YES;
				CLANG_WARN_ENUM_CONVERSION = YES;
				CLANG_WARN_INFINITE_RECURSION = YES;
				CLANG_WARN_INT_CONVERSION = YES;
				CLANG_WARN_NON_LITERAL_NULL_CONVERSION = YES;
				CLANG_WARN_OBJC_IMPLICIT_RETAIN_SELF = YES;
				CLANG_WARN_OBJC_LITERAL_CONVERSION = YES;
				CLANG_WARN_OBJC_ROOT_CLASS = YES_ERROR;
				CLANG_WARN_RANGE_LOOP_ANALYSIS = YES;
				CLANG_WARN_STRICT_PROTOTYPES = YES;
				CLANG_WARN_SUSPICIOUS_MOVE = YES;
				CLANG_WARN_UNGUARDED_AVAILABILITY = YES_AGGRESSIVE;
				CLANG_WARN_UNREACHABLE_CODE = YES;
				CLANG_WARN__DUPLICATE_METHOD_MATCH = YES;
				CODE_SIGN_IDENTITY = "iPhone Developer";
				COPY_PHASE_STRIP = NO;
				DEBUG_INFORMATION_FORMAT = "dwarf-with-dsym";
				ENABLE_NS_ASSERTIONS = NO;
				ENABLE_STRICT_OBJC_MSGSEND = YES;
				GCC_C_LANGUAGE_STANDARD = gnu11;
				GCC_NO_COMMON_BLOCKS = YES;
				GCC_WARN_64_TO_32_BIT_CONVERSION = YES;
				GCC_WARN_ABOUT_RETURN_TYPE = YES_ERROR;
				GCC_WARN_UNDECLARED_SELECTOR = YES;
				GCC_WARN_UNINITIALIZED_AUTOS = YES_AGGRESSIVE;
				GCC_WARN_UNUSED_FUNCTION = YES;
				GCC_WARN_UNUSED_VARIABLE = YES;
				IPHONEOS_DEPLOYMENT_TARGET = 12.1;
				MTL_ENABLE_DEBUG_INFO = NO;
				MTL_FAST_MATH = YES;
				SDKROOT = iphoneos;
				SWIFT_COMPILATION_MODE = wholemodule;
				SWIFT_OPTIMIZATION_LEVEL = "-O";
				VALIDATE_PRODUCT = YES;
			};
			name = Release;
		};
		8437E358221B4CB7009F9D10 /* Debug */ = {
			isa = XCBuildConfiguration;
			baseConfigurationReference = 997AB7AB45C90BEF839ACBF8 /* Pods-Todoey.debug.xcconfig */;
			buildSettings = {
				ASSETCATALOG_COMPILER_APPICON_NAME = AppIcon;
				CODE_SIGN_STYLE = Automatic;
				DEVELOPMENT_TEAM = 4NS5L7XDWJ;
				INFOPLIST_FILE = Todoey/Info.plist;
				LD_RUNPATH_SEARCH_PATHS = (
					"$(inherited)",
					"@executable_path/Frameworks",
				);
				PRODUCT_BUNDLE_IDENTIFIER = uk.co.doublethunder.Todoey;
				PRODUCT_NAME = "$(TARGET_NAME)";
				SWIFT_VERSION = 4.2;
				TARGETED_DEVICE_FAMILY = "1,2";
			};
			name = Debug;
		};
		8437E359221B4CB7009F9D10 /* Release */ = {
			isa = XCBuildConfiguration;
			baseConfigurationReference = B982A2749409D0B9CEF04DD1 /* Pods-Todoey.release.xcconfig */;
			buildSettings = {
				ASSETCATALOG_COMPILER_APPICON_NAME = AppIcon;
				CODE_SIGN_STYLE = Automatic;
				DEVELOPMENT_TEAM = 4NS5L7XDWJ;
				INFOPLIST_FILE = Todoey/Info.plist;
				LD_RUNPATH_SEARCH_PATHS = (
					"$(inherited)",
					"@executable_path/Frameworks",
				);
				PRODUCT_BUNDLE_IDENTIFIER = uk.co.doublethunder.Todoey;
				PRODUCT_NAME = "$(TARGET_NAME)";
				SWIFT_VERSION = 4.2;
				TARGETED_DEVICE_FAMILY = "1,2";
			};
			name = Release;
		};
/* End XCBuildConfiguration section */

/* Begin XCConfigurationList section */
		8437E340221B4CB6009F9D10 /* Build configuration list for PBXProject "Todoey" */ = {
			isa = XCConfigurationList;
			buildConfigurations = (
				8437E355221B4CB7009F9D10 /* Debug */,
				8437E356221B4CB7009F9D10 /* Release */,
			);
			defaultConfigurationIsVisible = 0;
			defaultConfigurationName = Release;
		};
		8437E357221B4CB7009F9D10 /* Build configuration list for PBXNativeTarget "Todoey" */ = {
			isa = XCConfigurationList;
			buildConfigurations = (
				8437E358221B4CB7009F9D10 /* Debug */,
				8437E359221B4CB7009F9D10 /* Release */,
			);
			defaultConfigurationIsVisible = 0;
			defaultConfigurationName = Release;
		};
/* End XCConfigurationList section */
	};
	rootObject = 8437E33D221B4CB6009F9D10 /* Project object */;
}
